
Microsoft Visual Studio Solution File, Format Version 12.00
# Visual Studio Version 17
VisualStudioVersion = 17.11.35327.3
MinimumVisualStudioVersion = 10.0.40219.1
Project("{FAE04EC0-301F-11D3-BF4B-00C04F79EFBC}") = "SiqGames", "SiqGames\SiqGames.csproj", "{85B28DA9-C3AE-47F1-BF12-73F1581ADED4}"
EndProject
Global
	GlobalSection(SolutionConfigurationPlatforms) = preSolution
		Debug|Any CPU = Debug|Any CPU
		Release|Any CPU = Release|Any CPU
	EndGlobalSection
	GlobalSection(ProjectConfigurationPlatforms) = postSolution
		{85B28DA9-C3AE-47F1-BF12-73F1581ADED4}.Debug|Any CPU.ActiveCfg = Debug|Any CPU
		{85B28DA9-C3AE-47F1-BF12-73F1581ADED4}.Debug|Any CPU.Build.0 = Debug|Any CPU
		{85B28DA9-C3AE-47F1-BF12-73F1581ADED4}.Release|Any CPU.ActiveCfg = Release|Any CPU
		{85B28DA9-C3AE-47F1-BF12-73F1581ADED4}.Release|Any CPU.Build.0 = Release|Any CPU
	EndGlobalSection
	GlobalSection(SolutionProperties) = preSolution
		HideSolutionNode = FALSE
	EndGlobalSection
	GlobalSection(ExtensibilityGlobals) = postSolution
		SolutionGuid = {8F0833A1-8EEE-4735-B9D7-32848391CA30}
	EndGlobalSection
EndGlobal
